
Microsoft Visual Studio Solution File, Format Version 12.00
# Visual Studio 2013
VisualStudioVersion = 12.0.21005.1
MinimumVisualStudioVersion = 10.0.40219.1
Project("{2150E333-8FDC-42A3-9474-1A3956D46DE8}") = "Portable", "Portable", "{964E78B2-A34C-4DB6-AD8A-8EF857AF3234}"
EndProject
Project("{2150E333-8FDC-42A3-9474-1A3956D46DE8}") = "Service", "Service", "{9DB8FF8C-B999-440E-8F8B-115A7C27B72C}"
EndProject
Project("{2150E333-8FDC-42A3-9474-1A3956D46DE8}") = "FlashLight", "FlashLight", "{49E67904-A445-4342-A5C8-D0CE914E0C88}"
EndProject
Project("{2150E333-8FDC-42A3-9474-1A3956D46DE8}") = "ViewModel", "ViewModel", "{208C2C82-486F-4F7E-BF28-A0F4FB268E87}"
EndProject
Project("{2150E333-8FDC-42A3-9474-1A3956D46DE8}") = "IoC", "IoC", "{EE71CC6C-BE9B-4A7A-94CF-349CD102F4F5}"
EndProject
Project("{2150E333-8FDC-42A3-9474-1A3956D46DE8}") = "Resources", "Resources", "{8F351DDA-9B7E-4988-BB12-F8BF828C775D}"
EndProject
Project("{2150E333-8FDC-42A3-9474-1A3956D46DE8}") = "Storage", "Storage", "{6095DB4B-CE4E-4FA2-9FB4-97AF2BD3830E}"
EndProject
Project("{FAE04EC0-301F-11D3-BF4B-00C04F79EFBC}") = "TorchLight", "TorchLight\TorchLight.csproj", "{18337E02-BF57-40F6-A790-4C465D923A29}"
EndProject
Project("{FAE04EC0-301F-11D3-BF4B-00C04F79EFBC}") = "FlashLightApi", "Portable\Service\FlashLight\FlashLightApi\FlashLightApi.csproj", "{9D290BCC-5896-4737-9D13-F4AF9C1E644F}"
EndProject
Project("{FAE04EC0-301F-11D3-BF4B-00C04F79EFBC}") = "ViewModelApi", "Portable\ViewModel\ViewModelApi\ViewModelApi.csproj", "{985A39CB-5CD9-441B-96D8-104B834C44E8}"
EndProject
Project("{FAE04EC0-301F-11D3-BF4B-00C04F79EFBC}") = "ViewModelTest", "Portable\ViewModel\ViewModelTest\ViewModelTest.csproj", "{DCF27398-DAC5-425A-95EB-A1E5957233D0}"
EndProject
Project("{FAE04EC0-301F-11D3-BF4B-00C04F79EFBC}") = "DependencyInjectorApi", "Portable\Service\IoC\DependencyInjectorApi\DependencyInjectorApi.csproj", "{65C86E27-F67F-44AE-90D1-DC3EC68C7E5E}"
EndProject
Project("{FAE04EC0-301F-11D3-BF4B-00C04F79EFBC}") = "Constants", "Portable\Resources\Constants\Constants.csproj", "{1F11C3C0-11A0-4903-84D5-1257B0CD18F1}"
EndProject
Project("{FAE04EC0-301F-11D3-BF4B-00C04F79EFBC}") = "Storage", "Portable\Service\Storage\Storage\Storage.csproj", "{A0C95DFD-FAB1-47A1-85FF-567E8D7447F9}"
EndProject
Global
	GlobalSection(SolutionConfigurationPlatforms) = preSolution
		Debug|Any CPU = Debug|Any CPU
		Debug|ARM = Debug|ARM
		Debug|x86 = Debug|x86
		Release|Any CPU = Release|Any CPU
		Release|ARM = Release|ARM
		Release|x86 = Release|x86
	EndGlobalSection
	GlobalSection(ProjectConfigurationPlatforms) = postSolution
		{18337E02-BF57-40F6-A790-4C465D923A29}.Debug|Any CPU.ActiveCfg = Debug|Any CPU
		{18337E02-BF57-40F6-A790-4C465D923A29}.Debug|Any CPU.Build.0 = Debug|Any CPU
		{18337E02-BF57-40F6-A790-4C465D923A29}.Debug|Any CPU.Deploy.0 = Debug|Any CPU
		{18337E02-BF57-40F6-A790-4C465D923A29}.Debug|ARM.ActiveCfg = Debug|ARM
		{18337E02-BF57-40F6-A790-4C465D923A29}.Debug|ARM.Build.0 = Debug|ARM
		{18337E02-BF57-40F6-A790-4C465D923A29}.Debug|ARM.Deploy.0 = Debug|ARM
		{18337E02-BF57-40F6-A790-4C465D923A29}.Debug|x86.ActiveCfg = Debug|x86
		{18337E02-BF57-40F6-A790-4C465D923A29}.Debug|x86.Build.0 = Debug|x86
		{18337E02-BF57-40F6-A790-4C465D923A29}.Debug|x86.Deploy.0 = Debug|x86
		{18337E02-BF57-40F6-A790-4C465D923A29}.Release|Any CPU.ActiveCfg = Release|Any CPU
		{18337E02-BF57-40F6-A790-4C465D923A29}.Release|Any CPU.Build.0 = Release|Any CPU
		{18337E02-BF57-40F6-A790-4C465D923A29}.Release|Any CPU.Deploy.0 = Release|Any CPU
		{18337E02-BF57-40F6-A790-4C465D923A29}.Release|ARM.ActiveCfg = Release|ARM
		{18337E02-BF57-40F6-A790-4C465D923A29}.Release|ARM.Build.0 = Release|ARM
		{18337E02-BF57-40F6-A790-4C465D923A29}.Release|ARM.Deploy.0 = Release|ARM
		{18337E02-BF57-40F6-A790-4C465D923A29}.Release|x86.ActiveCfg = Release|x86
		{18337E02-BF57-40F6-A790-4C465D923A29}.Release|x86.Build.0 = Release|x86
		{18337E02-BF57-40F6-A790-4C465D923A29}.Release|x86.Deploy.0 = Release|x86
		{9D290BCC-5896-4737-9D13-F4AF9C1E644F}.Debug|Any CPU.ActiveCfg = Debug|Any CPU
		{9D290BCC-5896-4737-9D13-F4AF9C1E644F}.Debug|Any CPU.Build.0 = Debug|Any CPU
		{9D290BCC-5896-4737-9D13-F4AF9C1E644F}.Debug|ARM.ActiveCfg = Debug|Any CPU
		{9D290BCC-5896-4737-9D13-F4AF9C1E644F}.Debug|x86.ActiveCfg = Debug|Any CPU
		{9D290BCC-5896-4737-9D13-F4AF9C1E644F}.Release|Any CPU.ActiveCfg = Release|Any CPU
		{9D290BCC-5896-4737-9D13-F4AF9C1E644F}.Release|Any CPU.Build.0 = Release|Any CPU
		{9D290BCC-5896-4737-9D13-F4AF9C1E644F}.Release|ARM.ActiveCfg = Release|Any CPU
		{9D290BCC-5896-4737-9D13-F4AF9C1E644F}.Release|x86.ActiveCfg = Release|Any CPU
		{985A39CB-5CD9-441B-96D8-104B834C44E8}.Debug|Any CPU.ActiveCfg = Debug|Any CPU
		{985A39CB-5CD9-441B-96D8-104B834C44E8}.Debug|Any CPU.Build.0 = Debug|Any CPU
		{985A39CB-5CD9-441B-96D8-104B834C44E8}.Debug|ARM.ActiveCfg = Debug|Any CPU
		{985A39CB-5CD9-441B-96D8-104B834C44E8}.Debug|x86.ActiveCfg = Debug|Any CPU
		{985A39CB-5CD9-441B-96D8-104B834C44E8}.Release|Any CPU.ActiveCfg = Release|Any CPU
		{985A39CB-5CD9-441B-96D8-104B834C44E8}.Release|Any CPU.Build.0 = Release|Any CPU
		{985A39CB-5CD9-441B-96D8-104B834C44E8}.Release|ARM.ActiveCfg = Release|Any CPU
		{985A39CB-5CD9-441B-96D8-104B834C44E8}.Release|x86.ActiveCfg = Release|Any CPU
		{DCF27398-DAC5-425A-95EB-A1E5957233D0}.Debug|Any CPU.ActiveCfg = Debug|Any CPU
		{DCF27398-DAC5-425A-95EB-A1E5957233D0}.Debug|Any CPU.Build.0 = Debug|Any CPU
		{DCF27398-DAC5-425A-95EB-A1E5957233D0}.Debug|ARM.ActiveCfg = Debug|Any CPU
		{DCF27398-DAC5-425A-95EB-A1E5957233D0}.Debug|x86.ActiveCfg = Debug|Any CPU
		{DCF27398-DAC5-425A-95EB-A1E5957233D0}.Release|Any CPU.ActiveCfg = Release|Any CPU
		{DCF27398-DAC5-425A-95EB-A1E5957233D0}.Release|Any CPU.Build.0 = Release|Any CPU
		{DCF27398-DAC5-425A-95EB-A1E5957233D0}.Release|ARM.ActiveCfg = Release|Any CPU
		{DCF27398-DAC5-425A-95EB-A1E5957233D0}.Release|x86.ActiveCfg = Release|Any CPU
		{65C86E27-F67F-44AE-90D1-DC3EC68C7E5E}.Debug|Any CPU.ActiveCfg = Debug|Any CPU
		{65C86E27-F67F-44AE-90D1-DC3EC68C7E5E}.Debug|Any CPU.Build.0 = Debug|Any CPU
		{65C86E27-F67F-44AE-90D1-DC3EC68C7E5E}.Debug|ARM.ActiveCfg = Debug|Any CPU
		{65C86E27-F67F-44AE-90D1-DC3EC68C7E5E}.Debug|x86.ActiveCfg = Debug|Any CPU
		{65C86E27-F67F-44AE-90D1-DC3EC68C7E5E}.Release|Any CPU.ActiveCfg = Release|Any CPU
		{65C86E27-F67F-44AE-90D1-DC3EC68C7E5E}.Release|Any CPU.Build.0 = Release|Any CPU
		{65C86E27-F67F-44AE-90D1-DC3EC68C7E5E}.Release|ARM.ActiveCfg = Release|Any CPU
		{65C86E27-F67F-44AE-90D1-DC3EC68C7E5E}.Release|x86.ActiveCfg = Release|Any CPU
		{1F11C3C0-11A0-4903-84D5-1257B0CD18F1}.Debug|Any CPU.ActiveCfg = Debug|Any CPU
		{1F11C3C0-11A0-4903-84D5-1257B0CD18F1}.Debug|Any CPU.Build.0 = Debug|Any CPU
		{1F11C3C0-11A0-4903-84D5-1257B0CD18F1}.Debug|ARM.ActiveCfg = Debug|Any CPU
		{1F11C3C0-11A0-4903-84D5-1257B0CD18F1}.Debug|x86.ActiveCfg = Debug|Any CPU
		{1F11C3C0-11A0-4903-84D5-1257B0CD18F1}.Release|Any CPU.ActiveCfg = Release|Any CPU
		{1F11C3C0-11A0-4903-84D5-1257B0CD18F1}.Release|Any CPU.Build.0 = Release|Any CPU
		{1F11C3C0-11A0-4903-84D5-1257B0CD18F1}.Release|ARM.ActiveCfg = Release|Any CPU
		{1F11C3C0-11A0-4903-84D5-1257B0CD18F1}.Release|x86.ActiveCfg = Release|Any CPU
		{A0C95DFD-FAB1-47A1-85FF-567E8D7447F9}.Debug|Any CPU.ActiveCfg = Debug|Any CPU
		{A0C95DFD-FAB1-47A1-85FF-567E8D7447F9}.Debug|Any CPU.Build.0 = Debug|Any CPU
		{A0C95DFD-FAB1-47A1-85FF-567E8D7447F9}.Debug|ARM.ActiveCfg = Debug|Any CPU
		{A0C95DFD-FAB1-47A1-85FF-567E8D7447F9}.Debug|x86.ActiveCfg = Debug|Any CPU
		{A0C95DFD-FAB1-47A1-85FF-567E8D7447F9}.Release|Any CPU.ActiveCfg = Release|Any CPU
		{A0C95DFD-FAB1-47A1-85FF-567E8D7447F9}.Release|Any CPU.Build.0 = Release|Any CPU
		{A0C95DFD-FAB1-47A1-85FF-567E8D7447F9}.Release|ARM.ActiveCfg = Release|Any CPU
		{A0C95DFD-FAB1-47A1-85FF-567E8D7447F9}.Release|x86.ActiveCfg = Release|Any CPU
	EndGlobalSection
	GlobalSection(SolutionProperties) = preSolution
		HideSolutionNode = FALSE
	EndGlobalSection
	GlobalSection(NestedProjects) = preSolution
		{9DB8FF8C-B999-440E-8F8B-115A7C27B72C} = {964E78B2-A34C-4DB6-AD8A-8EF857AF3234}
		{208C2C82-486F-4F7E-BF28-A0F4FB268E87} = {964E78B2-A34C-4DB6-AD8A-8EF857AF3234}
		{8F351DDA-9B7E-4988-BB12-F8BF828C775D} = {964E78B2-A34C-4DB6-AD8A-8EF857AF3234}
		{49E67904-A445-4342-A5C8-D0CE914E0C88} = {9DB8FF8C-B999-440E-8F8B-115A7C27B72C}
		{EE71CC6C-BE9B-4A7A-94CF-349CD102F4F5} = {9DB8FF8C-B999-440E-8F8B-115A7C27B72C}
		{6095DB4B-CE4E-4FA2-9FB4-97AF2BD3830E} = {9DB8FF8C-B999-440E-8F8B-115A7C27B72C}
		{9D290BCC-5896-4737-9D13-F4AF9C1E644F} = {49E67904-A445-4342-A5C8-D0CE914E0C88}
		{985A39CB-5CD9-441B-96D8-104B834C44E8} = {208C2C82-486F-4F7E-BF28-A0F4FB268E87}
		{DCF27398-DAC5-425A-95EB-A1E5957233D0} = {208C2C82-486F-4F7E-BF28-A0F4FB268E87}
		{65C86E27-F67F-44AE-90D1-DC3EC68C7E5E} = {EE71CC6C-BE9B-4A7A-94CF-349CD102F4F5}
		{1F11C3C0-11A0-4903-84D5-1257B0CD18F1} = {8F351DDA-9B7E-4988-BB12-F8BF828C775D}
		{A0C95DFD-FAB1-47A1-85FF-567E8D7447F9} = {6095DB4B-CE4E-4FA2-9FB4-97AF2BD3830E}
	EndGlobalSection
EndGlobal
